
Microsoft Visual Studio Solution File, Format Version 12.00
# Visual Studio 14
VisualStudioVersion = 14.0.25420.1
MinimumVisualStudioVersion = 10.0.40219.1
Project("{FAE04EC0-301F-11D3-BF4B-00C04F79EFBC}") = "TriangleProject", "TriangleProject\TriangleProject.csproj", "{0EF460DD-B770-46F5-864A-48306E6471C0}"
EndProject
Project("{FAE04EC0-301F-11D3-BF4B-00C04F79EFBC}") = "TriangelTests", "TriangelTests\TriangelTests.csproj", "{CEF92F07-643A-4CF5-9F5D-A4D93DEDD47F}"
EndProject
Global
	GlobalSection(SolutionConfigurationPlatforms) = preSolution
		Debug|Any CPU = Debug|Any CPU
		Release|Any CPU = Release|Any CPU
	EndGlobalSection
	GlobalSection(ProjectConfigurationPlatforms) = postSolution
		{0EF460DD-B770-46F5-864A-48306E6471C0}.Debug|Any CPU.ActiveCfg = Debug|Any CPU
		{0EF460DD-B770-46F5-864A-48306E6471C0}.Debug|Any CPU.Build.0 = Debug|Any CPU
		{0EF460DD-B770-46F5-864A-48306E6471C0}.Release|Any CPU.ActiveCfg = Release|Any CPU
		{0EF460DD-B770-46F5-864A-48306E6471C0}.Release|Any CPU.Build.0 = Release|Any CPU
		{CEF92F07-643A-4CF5-9F5D-A4D93DEDD47F}.Debug|Any CPU.ActiveCfg = Debug|Any CPU
		{CEF92F07-643A-4CF5-9F5D-A4D93DEDD47F}.Debug|Any CPU.Build.0 = Debug|Any CPU
		{CEF92F07-643A-4CF5-9F5D-A4D93DEDD47F}.Release|Any CPU.ActiveCfg = Release|Any CPU
		{CEF92F07-643A-4CF5-9F5D-A4D93DEDD47F}.Release|Any CPU.Build.0 = Release|Any CPU
	EndGlobalSection
	GlobalSection(SolutionProperties) = preSolution
		HideSolutionNode = FALSE
	EndGlobalSection
EndGlobal
